{
  "name": "inutil-labs@node-red-whin-whatsapp",
  "version": "0.0.5",
  "lockfileVersion": 2,
  "requires": true,
  "packages": {
    "": {
      "name": "inutil-labs@node-red-whin-whatsapp",
      "version": "0.0.5",
      "license": "MIT",
      "engines": {
        "node": ">=10.0.0"
      }
    }
  }
}
